// !$*UTF8*$!
{
	archiveVersion = 1;
	classes = {
	};
	objectVersion = 77;
	objects = {

/* Begin PBXBuildFile section */
		5AE0000000000000000000AD /* NemorisShareTransactions.appex in Embed Foundation Extensions */ = {isa = PBXBuildFile; fileRef = 5AE0000000000000000000A2 /* NemorisShareTransactions.appex */; platformFilter = ios; settings = {ATTRIBUTES = (RemoveHeadersOnCopy, ); }; };
		5AE0000000000000000000BD /* NemorisShareInvest.appex in Embed Foundation Extensions */ = {isa = PBXBuildFile; fileRef = 5AE0000000000000000000B2 /* NemorisShareInvest.appex */; platformFilter = ios; settings = {ATTRIBUTES = (RemoveHeadersOnCopy, ); }; };
		5C4A11AD20260718005C4A02 /* AppIcon.icon in Resources */ = {isa = PBXBuildFile; fileRef = 5C4A11AD20260718005C4A01 /* AppIcon.icon */; };
		6FFA1A93A7D2CC4474D749A5 /* Assets.xcassets in Resources */ = {isa = PBXBuildFile; fileRef = 43E6D10DA96A34017839D4D0 /* Assets.xcassets */; };
		E826BBFD2FBDA3580095EC62 /* WidgetKit.framework in Frameworks */ = {isa = PBXBuildFile; fileRef = E826BBA42FBD59710095EC62 /* WidgetKit.framework */; };
		E826BBFE2FBDA3580095EC62 /* SwiftUI.framework in Frameworks */ = {isa = PBXBuildFile; fileRef = E826BBA62FBD59710095EC62 /* SwiftUI.framework */; };
		E826BC0D2FBDA3590095EC62 /* NemorisWidgetExtension.appex in Embed Foundation Extensions */ = {isa = PBXBuildFile; fileRef = E826BBFC2FBDA3580095EC62 /* NemorisWidgetExtension.appex */; platformFilter = ios; settings = {ATTRIBUTES = (RemoveHeadersOnCopy, ); }; };
		E881B2142FAC2E0200B58D3C /* Localizable.strings in Resources */ = {isa = PBXBuildFile; fileRef = E881B2122FAC2E0200B58D3C /* Localizable.strings */; };
		E881B2172FAC2E1800B58D3C /* Localizable.strings in Resources */ = {isa = PBXBuildFile; fileRef = E881B2152FAC2E1800B58D3C /* Localizable.strings */; };
		E9E9E9E911000000ABCDABCD /* NemorisEngine in Frameworks */ = {isa = PBXBuildFile; productRef = E9E9E9E913000000ABCDABCD /* NemorisEngine */; };
/* End PBXBuildFile section */

/* Begin PBXContainerItemProxy section */
		5AE0000000000000000000AB /* PBXContainerItemProxy */ = {
			isa = PBXContainerItemProxy;
			containerPortal = F857318EB357D311B6E85F4F /* Project object */;
			proxyType = 1;
			remoteGlobalIDString = 5AE0000000000000000000A1;
			remoteInfo = NemorisShareTransactions;
		};
		5AE0000000000000000000BB /* PBXContainerItemProxy */ = {
			isa = PBXContainerItemProxy;
			containerPortal = F857318EB357D311B6E85F4F /* Project object */;
			proxyType = 1;
			remoteGlobalIDString = 5AE0000000000000000000B1;
			remoteInfo = NemorisShareInvest;
		};
		7E57000000000000000000AB /* PBXContainerItemProxy */ = {
			isa = PBXContainerItemProxy;
			containerPortal = F857318EB357D311B6E85F4F /* Project object */;
			proxyType = 1;
			remoteGlobalIDString = 486CE5196ED6E967037DE733;
			remoteInfo = Nemoris;
		};
		E826BC0B2FBDA3590095EC62 /* PBXContainerItemProxy */ = {
			isa = PBXContainerItemProxy;
			containerPortal = F857318EB357D311B6E85F4F /* Project object */;
			proxyType = 1;
			remoteGlobalIDString = E826BBFB2FBDA3580095EC62;
			remoteInfo = LedgerNestWidgetExtension;
		};
/* End PBXContainerItemProxy section */

/* Begin PBXCopyFilesBuildPhase section */
		E881B2512FB62AE700B58D3C /* Embed Foundation Extensions */ = {
			isa = PBXCopyFilesBuildPhase;
			buildActionMask = 2147483647;
			dstPath = "";
			dstSubfolderSpec = 13;
			files = (
				E826BC0D2FBDA3590095EC62 /* NemorisWidgetExtension.appex in Embed Foundation Extensions */,
				5AE0000000000000000000AD /* NemorisShareTransactions.appex in Embed Foundation Extensions */,
				5AE0000000000000000000BD /* NemorisShareInvest.appex in Embed Foundation Extensions */,
			);
			name = "Embed Foundation Extensions";
			runOnlyForDeploymentPostprocessing = 0;
		};
/* End PBXCopyFilesBuildPhase section */

/* Begin PBXFileReference section */
		0743F20B94652EF4FEECD343 /* Info.plist */ = {isa = PBXFileReference; lastKnownFileType = text.plist; path = Info.plist; sourceTree = "<group>"; };
		43E6D10DA96A34017839D4D0 /* Assets.xcassets */ = {isa = PBXFileReference; lastKnownFileType = folder.assetcatalog; path = Assets.xcassets; sourceTree = "<group>"; };
		5AE0000000000000000000A2 /* NemorisShareTransactions.appex */ = {isa = PBXFileReference; explicitFileType = "wrapper.app-extension"; includeInIndex = 0; path = NemorisShareTransactions.appex; sourceTree = BUILT_PRODUCTS_DIR; };
		5AE0000000000000000000B2 /* NemorisShareInvest.appex */ = {isa = PBXFileReference; explicitFileType = "wrapper.app-extension"; includeInIndex = 0; path = NemorisShareInvest.appex; sourceTree = BUILT_PRODUCTS_DIR; };
		5AE0000000000000000000C1 /* NemorisShareExtension.entitlements */ = {isa = PBXFileReference; lastKnownFileType = text.plist.entitlements; path = NemorisShareExtension.entitlements; sourceTree = "<group>"; };
		5C4A11AD20260718005C4A01 /* AppIcon.icon */ = {isa = PBXFileReference; lastKnownFileType = folder.iconcomposer.icon; path = AppIcon.icon; sourceTree = "<group>"; };
		641B0565457A0F3EBC3A784E /* Nemoris.app */ = {isa = PBXFileReference; explicitFileType = wrapper.application; includeInIndex = 0; path = Nemoris.app; sourceTree = BUILT_PRODUCTS_DIR; };
		7E57000000000000000000A2 /* NemorisTests.xctest */ = {isa = PBXFileReference; explicitFileType = wrapper.cfbundle; includeInIndex = 0; path = NemorisTests.xctest; sourceTree = BUILT_PRODUCTS_DIR; };
		E826BBA42FBD59710095EC62 /* WidgetKit.framework */ = {isa = PBXFileReference; lastKnownFileType = wrapper.framework; name = WidgetKit.framework; path = System/Library/Frameworks/WidgetKit.framework; sourceTree = SDKROOT; };
		E826BBA62FBD59710095EC62 /* SwiftUI.framework */ = {isa = PBXFileReference; lastKnownFileType = wrapper.framework; name = SwiftUI.framework; path = System/Library/Frameworks/SwiftUI.framework; sourceTree = SDKROOT; };
		E826BBBC2FBD5AA60095EC62 /* Nemoris.entitlements */ = {isa = PBXFileReference; lastKnownFileType = text.plist.entitlements; path = Nemoris.entitlements; sourceTree = "<group>"; };
		E826BBBE2FBD5BE20095EC62 /* WebKit.framework */ = {isa = PBXFileReference; lastKnownFileType = wrapper.framework; name = WebKit.framework; path = System/Library/Frameworks/WebKit.framework; sourceTree = SDKROOT; };
		E826BBFC2FBDA3580095EC62 /* NemorisWidgetExtension.appex */ = {isa = PBXFileReference; explicitFileType = "wrapper.app-extension"; includeInIndex = 0; path = NemorisWidgetExtension.appex; sourceTree = BUILT_PRODUCTS_DIR; };
		E826BC122FBDA3630095EC62 /* NemorisWidgetExtension.entitlements */ = {isa = PBXFileReference; lastKnownFileType = text.plist.entitlements; path = NemorisWidgetExtension.entitlements; sourceTree = "<group>"; };
		E826BC262FBE1F9F0095EC62 /* NemorisDebug.entitlements */ = {isa = PBXFileReference; lastKnownFileType = text.plist.entitlements; path = NemorisDebug.entitlements; sourceTree = "<group>"; };
		E881B2132FAC2E0200B58D3C /* fr */ = {isa = PBXFileReference; lastKnownFileType = text.plist.strings; name = fr; path = Localizable.strings; sourceTree = "<group>"; };
		E881B2162FAC2E1800B58D3C /* en */ = {isa = PBXFileReference; lastKnownFileType = text.plist.strings; name = en; path = Localizable.strings; sourceTree = "<group>"; };
		E881B2452FB62AE600B58D3C /* AuthenticationServices.framework */ = {isa = PBXFileReference; lastKnownFileType = wrapper.framework; name = AuthenticationServices.framework; path = System/Library/Frameworks/AuthenticationServices.framework; sourceTree = SDKROOT; };
		E8CD647D302369720032E42E /* SMART-IMPORT.md */ = {isa = PBXFileReference; lastKnownFileType = net.daringfireball.markdown; path = "SMART-IMPORT.md"; sourceTree = "<group>"; };
		E8E71A842FA9D33600232023 /* GoToMarket.md */ = {isa = PBXFileReference; lastKnownFileType = net.daringfireball.markdown; path = GoToMarket.md; sourceTree = "<group>"; };
/* End PBXFileReference section */

/* Begin PBXFileSystemSynchronizedBuildFileExceptionSet section */
		5AE0000000000000000000A4 /* Exceptions for "NemorisShareTransactions" folder in "NemorisShareTransactions" target */ = {
			isa = PBXFileSystemSynchronizedBuildFileExceptionSet;
			membershipExceptions = (
				Info.plist,
			);
			target = 5AE0000000000000000000A1 /* NemorisShareTransactions */;
		};
		5AE0000000000000000000B4 /* Exceptions for "NemorisShareInvest" folder in "NemorisShareInvest" target */ = {
			isa = PBXFileSystemSynchronizedBuildFileExceptionSet;
			membershipExceptions = (
				Info.plist,
			);
			target = 5AE0000000000000000000B1 /* NemorisShareInvest */;
		};
		E826BC112FBDA3590095EC62 /* Exceptions for "NemorisWidget" folder in "NemorisWidgetExtension" target */ = {
			isa = PBXFileSystemSynchronizedBuildFileExceptionSet;
			membershipExceptions = (
				Info.plist,
			);
			target = E826BBFB2FBDA3580095EC62 /* NemorisWidgetExtension */;
		};
/* End PBXFileSystemSynchronizedBuildFileExceptionSet section */

/* Begin PBXFileSystemSynchronizedRootGroup section */
		5AE0000000000000000000A3 /* NemorisShareTransactions */ = {
			isa = PBXFileSystemSynchronizedRootGroup;
			exceptions = (
				5AE0000000000000000000A4 /* Exceptions for "NemorisShareTransactions" folder in "NemorisShareTransactions" target */,
			);
			path = NemorisShareTransactions;
			sourceTree = "<group>";
		};
		5AE0000000000000000000B3 /* NemorisShareInvest */ = {
			isa = PBXFileSystemSynchronizedRootGroup;
			exceptions = (
				5AE0000000000000000000B4 /* Exceptions for "NemorisShareInvest" folder in "NemorisShareInvest" target */,
			);
			path = NemorisShareInvest;
			sourceTree = "<group>";
		};
		5CDA5F000000000000000000 /* App */ = {
			isa = PBXFileSystemSynchronizedRootGroup;
			path = App;
			sourceTree = "<group>";
		};
		5CDA5F010000000000000000 /* Core */ = {
			isa = PBXFileSystemSynchronizedRootGroup;
			path = Core;
			sourceTree = "<group>";
		};
		5CDA5F020000000000000000 /* DesignSystem */ = {
			isa = PBXFileSystemSynchronizedRootGroup;
			path = DesignSystem;
			sourceTree = "<group>";
		};
		5CDA5F040000000000000000 /* Features */ = {
			isa = PBXFileSystemSynchronizedRootGroup;
			path = Features;
			sourceTree = "<group>";
		};
		7E57000000000000000000A3 /* NemorisTests */ = {
			isa = PBXFileSystemSynchronizedRootGroup;
			path = NemorisTests;
			sourceTree = "<group>";
		};
		E826BBFF2FBDA3580095EC62 /* NemorisWidget */ = {
			isa = PBXFileSystemSynchronizedRootGroup;
			exceptions = (
				E826BC112FBDA3590095EC62 /* Exceptions for "NemorisWidget" folder in "NemorisWidgetExtension" target */,
			);
			path = NemorisWidget;
			sourceTree = "<group>";
		};
/* End PBXFileSystemSynchronizedRootGroup section */

/* Begin PBXFrameworksBuildPhase section */
		5AE0000000000000000000A6 /* Frameworks */ = {
			isa = PBXFrameworksBuildPhase;
			buildActionMask = 2147483647;
			files = (
			);
			runOnlyForDeploymentPostprocessing = 0;
		};
		5AE0000000000000000000B6 /* Frameworks */ = {
			isa = PBXFrameworksBuildPhase;
			buildActionMask = 2147483647;
			files = (
			);
			runOnlyForDeploymentPostprocessing = 0;
		};
		7E57000000000000000000A6 /* Frameworks */ = {
			isa = PBXFrameworksBuildPhase;
			buildActionMask = 2147483647;
			files = (
			);
			runOnlyForDeploymentPostprocessing = 0;
		};
		E826BBF92FBDA3580095EC62 /* Frameworks */ = {
			isa = PBXFrameworksBuildPhase;
			buildActionMask = 2147483647;
			files = (
				E826BBFE2FBDA3580095EC62 /* SwiftUI.framework in Frameworks */,
				E826BBFD2FBDA3580095EC62 /* WidgetKit.framework in Frameworks */,
			);
			runOnlyForDeploymentPostprocessing = 0;
		};
		E9E9E9E910000000ABCDABCD /* Frameworks */ = {
			isa = PBXFrameworksBuildPhase;
			buildActionMask = 2147483647;
			files = (
				E9E9E9E911000000ABCDABCD /* NemorisEngine in Frameworks */,
			);
			runOnlyForDeploymentPostprocessing = 0;
		};
/* End PBXFrameworksBuildPhase section */

/* Begin PBXGroup section */
		395BDB2DAC06A5BFB531B355 /* Resources */ = {
			isa = PBXGroup;
			children = (
				43E6D10DA96A34017839D4D0 /* Assets.xcassets */,
				5C4A11AD20260718005C4A01 /* AppIcon.icon */,
				0743F20B94652EF4FEECD343 /* Info.plist */,
				E881B2102FAC2DE100B58D3C /* fr.lproj */,
				E881B2112FAC2DE700B58D3C /* en.lproj */,
			);
			path = Resources;
			sourceTree = "<group>";
		};
		57B630E0BB8EEA70A0C66C02 /* Products */ = {
			isa = PBXGroup;
			children = (
				641B0565457A0F3EBC3A784E /* Nemoris.app */,
				E826BBFC2FBDA3580095EC62 /* NemorisWidgetExtension.appex */,
				5AE0000000000000000000A2 /* NemorisShareTransactions.appex */,
				5AE0000000000000000000B2 /* NemorisShareInvest.appex */,
				7E57000000000000000000A2 /* NemorisTests.xctest */,
			);
			name = Products;
			sourceTree = "<group>";
		};
		600848A6DFB13D22A842F929 /* Nemoris */ = {
			isa = PBXGroup;
			children = (
				5CDA5F000000000000000000 /* App */,
				5CDA5F010000000000000000 /* Core */,
				5CDA5F020000000000000000 /* DesignSystem */,
				5CDA5F040000000000000000 /* Features */,
				E826BBBC2FBD5AA60095EC62 /* Nemoris.entitlements */,
				E826BC262FBE1F9F0095EC62 /* NemorisDebug.entitlements */,
				395BDB2DAC06A5BFB531B355 /* Resources */,
			);
			path = Nemoris;
			sourceTree = "<group>";
		};
		8D40DEB1CCFB1AE7E8AF7DD6 = {
			isa = PBXGroup;
			children = (
				E826BC122FBDA3630095EC62 /* NemorisWidgetExtension.entitlements */,
				5AE0000000000000000000C1 /* NemorisShareExtension.entitlements */,
				600848A6DFB13D22A842F929 /* Nemoris */,
				E826BBFF2FBDA3580095EC62 /* NemorisWidget */,
				5AE0000000000000000000A3 /* NemorisShareTransactions */,
				5AE0000000000000000000B3 /* NemorisShareInvest */,
				E881B2442FB62AE600B58D3C /* Frameworks */,
				57B630E0BB8EEA70A0C66C02 /* Products */,
				E8E71A832FA9D31F00232023 /* Docs */,
				E8CD5F6E30222FA40032E42E /* Recovered References */,
			);
			sourceTree = "<group>";
		};
		E881B2102FAC2DE100B58D3C /* fr.lproj */ = {
			isa = PBXGroup;
			children = (
				E881B2122FAC2E0200B58D3C /* Localizable.strings */,
			);
			path = fr.lproj;
			sourceTree = "<group>";
		};
		E881B2112FAC2DE700B58D3C /* en.lproj */ = {
			isa = PBXGroup;
			children = (
				E881B2152FAC2E1800B58D3C /* Localizable.strings */,
			);
			path = en.lproj;
			sourceTree = "<group>";
		};
		E881B2442FB62AE600B58D3C /* Frameworks */ = {
			isa = PBXGroup;
			children = (
				E826BBBE2FBD5BE20095EC62 /* WebKit.framework */,
				E881B2452FB62AE600B58D3C /* AuthenticationServices.framework */,
				E826BBA42FBD59710095EC62 /* WidgetKit.framework */,
				E826BBA62FBD59710095EC62 /* SwiftUI.framework */,
			);
			name = Frameworks;
			sourceTree = "<group>";
		};
		E8CD5F6E30222FA40032E42E /* Recovered References */ = {
			isa = PBXGroup;
			children = (
				7E57000000000000000000A3 /* NemorisTests */,
			);
			name = "Recovered References";
			sourceTree = "<group>";
		};
		E8E71A832FA9D31F00232023 /* Docs */ = {
			isa = PBXGroup;
			children = (
				E8CD647D302369720032E42E /* SMART-IMPORT.md */,
				E8E71A842FA9D33600232023 /* GoToMarket.md */,
			);
			path = Docs;
			sourceTree = "<group>";
		};
/* End PBXGroup section */

/* Begin PBXNativeTarget section */
		486CE5196ED6E967037DE733 /* Nemoris */ = {
			isa = PBXNativeTarget;
			buildConfigurationList = CA39867E9DF0DB39FB8DE72A /* Build configuration list for PBXNativeTarget "Nemoris" */;
			buildPhases = (
				C06B19D341934450BE8FACDB /* Sources */,
				E9E9E9E910000000ABCDABCD /* Frameworks */,
				19C79A6D5B0EE9DB663EB360 /* Resources */,
				E881B2512FB62AE700B58D3C /* Embed Foundation Extensions */,
				E73FEDF02BF71E6650EA1657 /* Patch onnxruntime MinimumOSVersion */,
			);
			buildRules = (
			);
			dependencies = (
				E826BC0C2FBDA3590095EC62 /* PBXTargetDependency */,
				5AE0000000000000000000AC /* PBXTargetDependency */,
				5AE0000000000000000000BC /* PBXTargetDependency */,
			);
			fileSystemSynchronizedGroups = (
				5CDA5F000000000000000000 /* App */,
				5CDA5F010000000000000000 /* Core */,
				5CDA5F020000000000000000 /* DesignSystem */,
				5CDA5F040000000000000000 /* Features */,
			);
			name = Nemoris;
			packageProductDependencies = (
				E9E9E9E913000000ABCDABCD /* NemorisEngine */,
			);
			productName = FinanceMobileIOS;
			productReference = 641B0565457A0F3EBC3A784E /* Nemoris.app */;
			productType = "com.apple.product-type.application";
		};
		5AE0000000000000000000A1 /* NemorisShareTransactions */ = {
			isa = PBXNativeTarget;
			buildConfigurationList = 5AE0000000000000000000AA /* Build configuration list for PBXNativeTarget "NemorisShareTransactions" */;
			buildPhases = (
				5AE0000000000000000000A5 /* Sources */,
				5AE0000000000000000000A6 /* Frameworks */,
				5AE0000000000000000000A7 /* Resources */,
			);
			buildRules = (
			);
			dependencies = (
			);
			fileSystemSynchronizedGroups = (
				5AE0000000000000000000A3 /* NemorisShareTransactions */,
			);
			name = NemorisShareTransactions;
			packageProductDependencies = (
			);
			productName = NemorisShareTransactions;
			productReference = 5AE0000000000000000000A2 /* NemorisShareTransactions.appex */;
			productType = "com.apple.product-type.app-extension";
		};
		5AE0000000000000000000B1 /* NemorisShareInvest */ = {
			isa = PBXNativeTarget;
			buildConfigurationList = 5AE0000000000000000000BA /* Build configuration list for PBXNativeTarget "NemorisShareInvest" */;
			buildPhases = (
				5AE0000000000000000000B5 /* Sources */,
				5AE0000000000000000000B6 /* Frameworks */,
				5AE0000000000000000000B7 /* Resources */,
			);
			buildRules = (
			);
			dependencies = (
			);
			fileSystemSynchronizedGroups = (
				5AE0000000000000000000B3 /* NemorisShareInvest */,
			);
			name = NemorisShareInvest;
			packageProductDependencies = (
			);
			productName = NemorisShareInvest;
			productReference = 5AE0000000000000000000B2 /* NemorisShareInvest.appex */;
			productType = "com.apple.product-type.app-extension";
		};
		7E57000000000000000000A1 /* NemorisTests */ = {
			isa = PBXNativeTarget;
			buildConfigurationList = 7E57000000000000000000AA /* Build configuration list for PBXNativeTarget "NemorisTests" */;
			buildPhases = (
				7E57000000000000000000A5 /* Sources */,
				7E57000000000000000000A6 /* Frameworks */,
			);
			buildRules = (
			);
			dependencies = (
				7E57000000000000000000AC /* PBXTargetDependency */,
			);
			fileSystemSynchronizedGroups = (
				7E57000000000000000000A3 /* NemorisTests */,
			);
			name = NemorisTests;
			packageProductDependencies = (
			);
			productName = NemorisTests;
			productReference = 7E57000000000000000000A2 /* NemorisTests.xctest */;
			productType = "com.apple.product-type.bundle.unit-test";
		};
		E826BBFB2FBDA3580095EC62 /* NemorisWidgetExtension */ = {
			isa = PBXNativeTarget;
			buildConfigurationList = E826BC0E2FBDA3590095EC62 /* Build configuration list for PBXNativeTarget "NemorisWidgetExtension" */;
			buildPhases = (
				E826BBF82FBDA3580095EC62 /* Sources */,
				E826BBF92FBDA3580095EC62 /* Frameworks */,
				E826BBFA2FBDA3580095EC62 /* Resources */,
			);
			buildRules = (
			);
			dependencies = (
			);
			fileSystemSynchronizedGroups = (
				E826BBFF2FBDA3580095EC62 /* NemorisWidget */,
			);
			name = NemorisWidgetExtension;
			packageProductDependencies = (
			);
			productName = LedgerNestWidgetExtension;
			productReference = E826BBFC2FBDA3580095EC62 /* NemorisWidgetExtension.appex */;
			productType = "com.apple.product-type.app-extension";
		};
/* End PBXNativeTarget section */

/* Begin PBXProject section */
		F857318EB357D311B6E85F4F /* Project object */ = {
			isa = PBXProject;
			attributes = {
				BuildIndependentTargetsInParallel = YES;
				LastSwiftUpdateCheck = 2640;
				LastUpgradeCheck = 2640;
				TargetAttributes = {
					5AE0000000000000000000A1 = {
						CreatedOnToolsVersion = 26.4;
					};
					5AE0000000000000000000B1 = {
						CreatedOnToolsVersion = 26.4;
					};
					E826BBFB2FBDA3580095EC62 = {
						CreatedOnToolsVersion = 26.4;
					};
				};
			};
			buildConfigurationList = A9640AFB03150114D256B962 /* Build configuration list for PBXProject "Nemoris" */;
			developmentRegion = en;
			hasScannedForEncodings = 0;
			knownRegions = (
				Base,
				en,
				fr,
			);
			mainGroup = 8D40DEB1CCFB1AE7E8AF7DD6;
			minimizedProjectReferenceProxies = 1;
			packageReferences = (
				E9E9E9E912000000ABCDABCD /* XCLocalSwiftPackageReference "../NemorisEngine" */,
			);
			preferredProjectObjectVersion = 77;
			productRefGroup = 57B630E0BB8EEA70A0C66C02 /* Products */;
			projectDirPath = "";
			projectRoot = "";
			targets = (
				486CE5196ED6E967037DE733 /* Nemoris */,
				E826BBFB2FBDA3580095EC62 /* NemorisWidgetExtension */,
				5AE0000000000000000000A1 /* NemorisShareTransactions */,
				5AE0000000000000000000B1 /* NemorisShareInvest */,
				7E57000000000000000000A1 /* NemorisTests */,
			);
		};
/* End PBXProject section */

/* Begin PBXResourcesBuildPhase section */
		19C79A6D5B0EE9DB663EB360 /* Resources */ = {
			isa = PBXResourcesBuildPhase;
			buildActionMask = 2147483647;
			files = (
				6FFA1A93A7D2CC4474D749A5 /* Assets.xcassets in Resources */,
				5C4A11AD20260718005C4A02 /* AppIcon.icon in Resources */,
				E881B2172FAC2E1800B58D3C /* Localizable.strings in Resources */,
				E881B2142FAC2E0200B58D3C /* Localizable.strings in Resources */,
			);
			runOnlyForDeploymentPostprocessing = 0;
		};
		5AE0000000000000000000A7 /* Resources */ = {
			isa = PBXResourcesBuildPhase;
			buildActionMask = 2147483647;
			files = (
			);
			runOnlyForDeploymentPostprocessing = 0;
		};
		5AE0000000000000000000B7 /* Resources */ = {
			isa = PBXResourcesBuildPhase;
			buildActionMask = 2147483647;
			files = (
			);
			runOnlyForDeploymentPostprocessing = 0;
		};
		E826BBFA2FBDA3580095EC62 /* Resources */ = {
			isa = PBXResourcesBuildPhase;
			buildActionMask = 2147483647;
			files = (
			);
			runOnlyForDeploymentPostprocessing = 0;
		};
/* End PBXResourcesBuildPhase section */

/* Begin PBXShellScriptBuildPhase section */
		E73FEDF02BF71E6650EA1657 /* Patch onnxruntime MinimumOSVersion */ = {
			isa = PBXShellScriptBuildPhase;
			alwaysOutOfDate = 1;
			buildActionMask = 2147483647;
			files = (
			);
			inputFileListPaths = (
			);
			inputPaths = (
			);
			name = "Patch onnxruntime MinimumOSVersion";
			outputFileListPaths = (
			);
			outputPaths = (
			);
			runOnlyForDeploymentPostprocessing = 0;
			shellPath = /bin/bash;
			shellScript = "\"${SRCROOT}/scripts/patch-onnxruntime-minos.sh\"\n";
		};
/* End PBXShellScriptBuildPhase section */

/* Begin PBXSourcesBuildPhase section */
		5AE0000000000000000000A5 /* Sources */ = {
			isa = PBXSourcesBuildPhase;
			buildActionMask = 2147483647;
			files = (
			);
			runOnlyForDeploymentPostprocessing = 0;
		};
		5AE0000000000000000000B5 /* Sources */ = {
			isa = PBXSourcesBuildPhase;
			buildActionMask = 2147483647;
			files = (
			);
			runOnlyForDeploymentPostprocessing = 0;
		};
		7E57000000000000000000A5 /* Sources */ = {
			isa = PBXSourcesBuildPhase;
			buildActionMask = 2147483647;
			files = (
			);
			runOnlyForDeploymentPostprocessing = 0;
		};
		C06B19D341934450BE8FACDB /* Sources */ = {
			isa = PBXSourcesBuildPhase;
			buildActionMask = 2147483647;
			files = (
			);
			runOnlyForDeploymentPostprocessing = 0;
		};
		E826BBF82FBDA3580095EC62 /* Sources */ = {
			isa = PBXSourcesBuildPhase;
			buildActionMask = 2147483647;
			files = (
			);
			runOnlyForDeploymentPostprocessing = 0;
		};
/* End PBXSourcesBuildPhase section */

/* Begin PBXTargetDependency section */
		5AE0000000000000000000AC /* PBXTargetDependency */ = {
			isa = PBXTargetDependency;
			platformFilter = ios;
			target = 5AE0000000000000000000A1 /* NemorisShareTransactions */;
			targetProxy = 5AE0000000000000000000AB /* PBXContainerItemProxy */;
		};
		5AE0000000000000000000BC /* PBXTargetDependency */ = {
			isa = PBXTargetDependency;
			platformFilter = ios;
			target = 5AE0000000000000000000B1 /* NemorisShareInvest */;
			targetProxy = 5AE0000000000000000000BB /* PBXContainerItemProxy */;
		};
		7E57000000000000000000AC /* PBXTargetDependency */ = {
			isa = PBXTargetDependency;
			target = 486CE5196ED6E967037DE733 /* Nemoris */;
			targetProxy = 7E57000000000000000000AB /* PBXContainerItemProxy */;
		};
		E826BC0C2FBDA3590095EC62 /* PBXTargetDependency */ = {
			isa = PBXTargetDependency;
			platformFilter = ios;
			target = E826BBFB2FBDA3580095EC62 /* NemorisWidgetExtension */;
			targetProxy = E826BC0B2FBDA3590095EC62 /* PBXContainerItemProxy */;
		};
/* End PBXTargetDependency section */

/* Begin PBXVariantGroup section */
		E881B2122FAC2E0200B58D3C /* Localizable.strings */ = {
			isa = PBXVariantGroup;
			children = (
				E881B2132FAC2E0200B58D3C /* fr */,
			);
			name = Localizable.strings;
			sourceTree = "<group>";
		};
		E881B2152FAC2E1800B58D3C /* Localizable.strings */ = {
			isa = PBXVariantGroup;
			children = (
				E881B2162FAC2E1800B58D3C /* en */,
			);
			name = Localizable.strings;
			sourceTree = "<group>";
		};
/* End PBXVariantGroup section */

/* Begin XCBuildConfiguration section */
		0010E06D57A4A8D29934A553 /* Release */ = {
			isa = XCBuildConfiguration;
			buildSettings = {
				ALWAYS_SEARCH_USER_PATHS = NO;
				CLANG_ANALYZER_NONNULL = YES;
				CLANG_ANALYZER_NUMBER_OBJECT_CONVERSION = YES_AGGRESSIVE;
				CLANG_CXX_LANGUAGE_STANDARD = "gnu++14";
				CLANG_CXX_LIBRARY = "libc++";
				CLANG_ENABLE_MODULES = YES;
				CLANG_ENABLE_OBJC_ARC = YES;
				CLANG_ENABLE_OBJC_WEAK = YES;
				CLANG_WARN_BLOCK_CAPTURE_AUTORELEASING = YES;
				CLANG_WARN_BOOL_CONVERSION = YES;
				CLANG_WARN_COMMA = YES;
				CLANG_WARN_CONSTANT_CONVERSION = YES;
				CLANG_WARN_DEPRECATED_OBJC_IMPLEMENTATIONS = YES;
				CLANG_WARN_DIRECT_OBJC_ISA_USAGE = YES_ERROR;
				CLANG_WARN_DOCUMENTATION_COMMENTS = YES;
				CLANG_WARN_EMPTY_BODY = YES;
				CLANG_WARN_ENUM_CONVERSION = YES;
				CLANG_WARN_INFINITE_RECURSION = YES;
				CLANG_WARN_INT_CONVERSION = YES;
				CLANG_WARN_NON_LITERAL_NULL_CONVERSION = YES;
				CLANG_WARN_OBJC_IMPLICIT_RETAIN_SELF = YES;
				CLANG_WARN_OBJC_LITERAL_CONVERSION = YES;
				CLANG_WARN_OBJC_ROOT_CLASS = YES_ERROR;
				CLANG_WARN_QUOTED_INCLUDE_IN_FRAMEWORK_HEADER = YES;
				CLANG_WARN_RANGE_LOOP_ANALYSIS = YES;
				CLANG_WARN_STRICT_PROTOTYPES = YES;
				CLANG_WARN_SUSPICIOUS_MOVE = YES;
				CLANG_WARN_UNGUARDED_AVAILABILITY = YES_AGGRESSIVE;
				CLANG_WARN_UNREACHABLE_CODE = YES;
				CLANG_WARN__DUPLICATE_METHOD_MATCH = YES;
				COPY_PHASE_STRIP = NO;
				CURRENT_PROJECT_VERSION = 1;
				DEBUG_INFORMATION_FORMAT = "dwarf-with-dsym";
				DEVELOPMENT_TEAM = P5US3ZM4M3;
				ENABLE_NS_ASSERTIONS = NO;
				ENABLE_STRICT_OBJC_MSGSEND = YES;
				ENABLE_USER_SCRIPT_SANDBOXING = NO;
				GCC_C_LANGUAGE_STANDARD = gnu11;
				GCC_NO_COMMON_BLOCKS = YES;
				GCC_WARN_64_TO_32_BIT_CONVERSION = YES;
				GCC_WARN_ABOUT_RETURN_TYPE = YES_ERROR;
				GCC_WARN_UNDECLARED_SELECTOR = YES;
				GCC_WARN_UNINITIALIZED_AUTOS = YES_AGGRESSIVE;
				GCC_WARN_UNUSED_FUNCTION = YES;
				GCC_WARN_UNUSED_VARIABLE = YES;
				IPHONEOS_DEPLOYMENT_TARGET = 18.0;
				MARKETING_VERSION = 1.0.0;
				MTL_ENABLE_DEBUG_INFO = NO;
				MTL_FAST_MATH = YES;
				PRODUCT_NAME = "$(TARGET_NAME)";
				SDKROOT = iphoneos;
				STRING_CATALOG_GENERATE_SYMBOLS = YES;
				SWIFT_COMPILATION_MODE = wholemodule;
				SWIFT_OPTIMIZATION_LEVEL = "-O";
				SWIFT_VERSION = 6.0;
			};
			name = Release;
		};
		258B1A17C0A4699F31840AC8 /* Debug */ = {
			isa = XCBuildConfiguration;
			buildSettings = {
				ALLOW_TARGET_PLATFORM_SPECIALIZATION = YES;
				ASSETCATALOG_COMPILER_APPICON_NAME = AppIcon;
				"ASSETCATALOG_COMPILER_APPICON_NAME[sdk=macosx*]" = AppIcon;
				CODE_SIGN_ENTITLEMENTS = Nemoris/NemorisDebug.entitlements;
				CODE_SIGN_IDENTITY = "iPhone Developer";
				"CODE_SIGN_IDENTITY[sdk=macosx*]" = "Apple Development";
				CURRENT_PROJECT_VERSION = 2;
				DEVELOPMENT_TEAM = P5US3ZM4M3;
				GENERATE_INFOPLIST_FILE = NO;
				INFOPLIST_FILE = Nemoris/Resources/Info.plist;
				INFOPLIST_KEY_LSApplicationCategoryType = "public.app-category.finance";
				IPHONEOS_DEPLOYMENT_TARGET = 18.6;
				LD_RUNPATH_SEARCH_PATHS = (
					"$(inherited)",
					"@executable_path/Frameworks",
				);
				"LD_RUNPATH_SEARCH_PATHS[sdk=macosx*]" = (
					"$(inherited)",
					"@executable_path/../Frameworks",
				);
				MACOSX_DEPLOYMENT_TARGET = 14.0;
				MARKETING_VERSION = 1.1.0;
				PRODUCT_BUNDLE_IDENTIFIER = fr.hedwin.nemoris;
				SDKROOT = auto;
				SUPPORTED_PLATFORMS = "iphoneos iphonesimulator macosx";
				TARGETED_DEVICE_FAMILY = "1,2";
			};
			name = Debug;
		};
		43BB7A47B8756D4CA0214AC4 /* Release */ = {
			isa = XCBuildConfiguration;
			buildSettings = {
				ALLOW_TARGET_PLATFORM_SPECIALIZATION = YES;
				ASSETCATALOG_COMPILER_APPICON_NAME = AppIcon;
				"ASSETCATALOG_COMPILER_APPICON_NAME[sdk=macosx*]" = AppIcon;
				CODE_SIGN_ENTITLEMENTS = Nemoris/Nemoris.entitlements;
				CODE_SIGN_IDENTITY = "iPhone Developer";
				"CODE_SIGN_IDENTITY[sdk=macosx*]" = "Apple Development";
				CURRENT_PROJECT_VERSION = 2;
				DEVELOPMENT_TEAM = P5US3ZM4M3;
				GENERATE_INFOPLIST_FILE = NO;
				INFOPLIST_FILE = Nemoris/Resources/Info.plist;
				INFOPLIST_KEY_LSApplicationCategoryType = "public.app-category.finance";
				IPHONEOS_DEPLOYMENT_TARGET = 18.6;
				LD_RUNPATH_SEARCH_PATHS = (
					"$(inherited)",
					"@executable_path/Frameworks",
				);
				"LD_RUNPATH_SEARCH_PATHS[sdk=macosx*]" = (
					"$(inherited)",
					"@executable_path/../Frameworks",
				);
				MACOSX_DEPLOYMENT_TARGET = 14.0;
				MARKETING_VERSION = 1.1.0;
				PRODUCT_BUNDLE_IDENTIFIER = fr.hedwin.nemoris;
				SDKROOT = auto;
				SUPPORTED_PLATFORMS = "iphoneos iphonesimulator macosx";
				TARGETED_DEVICE_FAMILY = "1,2";
			};
			name = Release;
		};
		5AE0000000000000000000A8 /* Debug */ = {
			isa = XCBuildConfiguration;
			buildSettings = {
				CLANG_CXX_LANGUAGE_STANDARD = "gnu++20";
				CODE_SIGN_ENTITLEMENTS = NemorisShareExtension.entitlements;
				CODE_SIGN_IDENTITY = "iPhone Developer";
				CODE_SIGN_STYLE = Automatic;
				CURRENT_PROJECT_VERSION = 1;
				DEVELOPMENT_TEAM = P5US3ZM4M3;
				GCC_C_LANGUAGE_STANDARD = gnu17;
				GCC_PREPROCESSOR_DEFINITIONS = (
					"DEBUG=1",
					"$(inherited)",
				);
				GENERATE_INFOPLIST_FILE = YES;
				INFOPLIST_FILE = NemorisShareTransactions/Info.plist;
				INFOPLIST_KEY_CFBundleDisplayName = Transactions;
				INFOPLIST_KEY_NSHumanReadableCopyright = "";
				IPHONEOS_DEPLOYMENT_TARGET = 18.6;
				LD_RUNPATH_SEARCH_PATHS = (
					"$(inherited)",
					"@executable_path/Frameworks",
					"@executable_path/../../Frameworks",
				);
				LOCALIZATION_PREFERS_STRING_CATALOGS = YES;
				MARKETING_VERSION = 1.0.0;
				PRODUCT_BUNDLE_IDENTIFIER = fr.hedwin.nemoris.ShareTransactions;
				PRODUCT_NAME = "$(TARGET_NAME)";
				SKIP_INSTALL = YES;
				SWIFT_ACTIVE_COMPILATION_CONDITIONS = "DEBUG $(inherited)";
				SWIFT_APPROACHABLE_CONCURRENCY = YES;
				SWIFT_EMIT_LOC_STRINGS = YES;
				SWIFT_UPCOMING_FEATURE_MEMBER_IMPORT_VISIBILITY = YES;
				SWIFT_VERSION = 5.0;
				TARGETED_DEVICE_FAMILY = "1,2";
			};
			name = Debug;
		};
		5AE0000000000000000000A9 /* Release */ = {
			isa = XCBuildConfiguration;
			buildSettings = {
				CLANG_CXX_LANGUAGE_STANDARD = "gnu++20";
				CODE_SIGN_ENTITLEMENTS = NemorisShareExtension.entitlements;
				CODE_SIGN_IDENTITY = "iPhone Developer";
				CODE_SIGN_STYLE = Automatic;
				CURRENT_PROJECT_VERSION = 1;
				DEVELOPMENT_TEAM = P5US3ZM4M3;
				GCC_C_LANGUAGE_STANDARD = gnu17;
				GENERATE_INFOPLIST_FILE = YES;
				INFOPLIST_FILE = NemorisShareTransactions/Info.plist;
				INFOPLIST_KEY_CFBundleDisplayName = Transactions;
				INFOPLIST_KEY_NSHumanReadableCopyright = "";
				IPHONEOS_DEPLOYMENT_TARGET = 18.6;
				LD_RUNPATH_SEARCH_PATHS = (
					"$(inherited)",
					"@executable_path/Frameworks",
					"@executable_path/../../Frameworks",
				);
				LOCALIZATION_PREFERS_STRING_CATALOGS = YES;
				MARKETING_VERSION = 1.0.0;
				PRODUCT_BUNDLE_IDENTIFIER = fr.hedwin.nemoris.ShareTransactions;
				PRODUCT_NAME = "$(TARGET_NAME)";
				SKIP_INSTALL = YES;
				SWIFT_APPROACHABLE_CONCURRENCY = YES;
				SWIFT_EMIT_LOC_STRINGS = YES;
				SWIFT_UPCOMING_FEATURE_MEMBER_IMPORT_VISIBILITY = YES;
				SWIFT_VERSION = 5.0;
				TARGETED_DEVICE_FAMILY = "1,2";
				VALIDATE_PRODUCT = YES;
			};
			name = Release;
		};
		5AE0000000000000000000B8 /* Debug */ = {
			isa = XCBuildConfiguration;
			buildSettings = {
				CLANG_CXX_LANGUAGE_STANDARD = "gnu++20";
				CODE_SIGN_ENTITLEMENTS = NemorisShareExtension.entitlements;
				CODE_SIGN_IDENTITY = "iPhone Developer";
				CODE_SIGN_STYLE = Automatic;
				CURRENT_PROJECT_VERSION = 1;
				DEVELOPMENT_TEAM = P5US3ZM4M3;
				GCC_C_LANGUAGE_STANDARD = gnu17;
				GCC_PREPROCESSOR_DEFINITIONS = (
					"DEBUG=1",
					"$(inherited)",
				);
				GENERATE_INFOPLIST_FILE = YES;
				INFOPLIST_FILE = NemorisShareInvest/Info.plist;
				INFOPLIST_KEY_CFBundleDisplayName = Portefeuille;
				INFOPLIST_KEY_NSHumanReadableCopyright = "";
				IPHONEOS_DEPLOYMENT_TARGET = 18.6;
				LD_RUNPATH_SEARCH_PATHS = (
					"$(inherited)",
					"@executable_path/Frameworks",
					"@executable_path/../../Frameworks",
				);
				LOCALIZATION_PREFERS_STRING_CATALOGS = YES;
				MARKETING_VERSION = 1.0.0;
				PRODUCT_BUNDLE_IDENTIFIER = fr.hedwin.nemoris.ShareInvest;
				PRODUCT_NAME = "$(TARGET_NAME)";
				SKIP_INSTALL = YES;
				SWIFT_ACTIVE_COMPILATION_CONDITIONS = "DEBUG $(inherited)";
				SWIFT_APPROACHABLE_CONCURRENCY = YES;
				SWIFT_EMIT_LOC_STRINGS = YES;
				SWIFT_UPCOMING_FEATURE_MEMBER_IMPORT_VISIBILITY = YES;
				SWIFT_VERSION = 5.0;
				TARGETED_DEVICE_FAMILY = "1,2";
			};
			name = Debug;
		};
		5AE0000000000000000000B9 /* Release */ = {
			isa = XCBuildConfiguration;
			buildSettings = {
				CLANG_CXX_LANGUAGE_STANDARD = "gnu++20";
				CODE_SIGN_ENTITLEMENTS = NemorisShareExtension.entitlements;
				CODE_SIGN_IDENTITY = "iPhone Developer";
				CODE_SIGN_STYLE = Automatic;
				CURRENT_PROJECT_VERSION = 1;
				DEVELOPMENT_TEAM = P5US3ZM4M3;
				GCC_C_LANGUAGE_STANDARD = gnu17;
				GENERATE_INFOPLIST_FILE = YES;
				INFOPLIST_FILE = NemorisShareInvest/Info.plist;
				INFOPLIST_KEY_CFBundleDisplayName = Portefeuille;
				INFOPLIST_KEY_NSHumanReadableCopyright = "";
				IPHONEOS_DEPLOYMENT_TARGET = 18.6;
				LD_RUNPATH_SEARCH_PATHS = (
					"$(inherited)",
					"@executable_path/Frameworks",
					"@executable_path/../../Frameworks",
				);
				LOCALIZATION_PREFERS_STRING_CATALOGS = YES;
				MARKETING_VERSION = 1.0.0;
				PRODUCT_BUNDLE_IDENTIFIER = fr.hedwin.nemoris.ShareInvest;
				PRODUCT_NAME = "$(TARGET_NAME)";
				SKIP_INSTALL = YES;
				SWIFT_APPROACHABLE_CONCURRENCY = YES;
				SWIFT_EMIT_LOC_STRINGS = YES;
				SWIFT_UPCOMING_FEATURE_MEMBER_IMPORT_VISIBILITY = YES;
				SWIFT_VERSION = 5.0;
				TARGETED_DEVICE_FAMILY = "1,2";
				VALIDATE_PRODUCT = YES;
			};
			name = Release;
		};
		7E57000000000000000000A8 /* Debug */ = {
			isa = XCBuildConfiguration;
			buildSettings = {
				ALWAYS_EMBED_SWIFT_STANDARD_LIBRARIES = YES;
				BUNDLE_LOADER = "$(TEST_HOST)";
				CODE_SIGN_STYLE = Automatic;
				CURRENT_PROJECT_VERSION = 1;
				DEVELOPMENT_TEAM = P5US3ZM4M3;
				GENERATE_INFOPLIST_FILE = YES;
				IPHONEOS_DEPLOYMENT_TARGET = 18.6;
				MARKETING_VERSION = 1.0;
				PRODUCT_BUNDLE_IDENTIFIER = fr.hedwin.nemoris.tests;
				PRODUCT_NAME = "$(TARGET_NAME)";
				SDKROOT = iphoneos;
				SWIFT_EMIT_LOC_STRINGS = NO;
				SWIFT_VERSION = 6.0;
				TARGETED_DEVICE_FAMILY = "1,2";
				TEST_HOST = "$(BUILT_PRODUCTS_DIR)/Nemoris.app/$(BUNDLE_EXECUTABLE_FOLDER_PATH)/Nemoris";
			};
			name = Debug;
		};
		7E57000000000000000000A9 /* Release */ = {
			isa = XCBuildConfiguration;
			buildSettings = {
				ALWAYS_EMBED_SWIFT_STANDARD_LIBRARIES = YES;
				BUNDLE_LOADER = "$(TEST_HOST)";
				CODE_SIGN_STYLE = Automatic;
				CURRENT_PROJECT_VERSION = 1;
				DEVELOPMENT_TEAM = P5US3ZM4M3;
				GENERATE_INFOPLIST_FILE = YES;
				IPHONEOS_DEPLOYMENT_TARGET = 18.6;
				MARKETING_VERSION = 1.0;
				PRODUCT_BUNDLE_IDENTIFIER = fr.hedwin.nemoris.tests;
				PRODUCT_NAME = "$(TARGET_NAME)";
				SDKROOT = iphoneos;
				SWIFT_EMIT_LOC_STRINGS = NO;
				SWIFT_VERSION = 6.0;
				TARGETED_DEVICE_FAMILY = "1,2";
				TEST_HOST = "$(BUILT_PRODUCTS_DIR)/Nemoris.app/$(BUNDLE_EXECUTABLE_FOLDER_PATH)/Nemoris";
			};
			name = Release;
		};
		9C619F6672DE3B08B989ABEC /* Debug */ = {
			isa = XCBuildConfiguration;
			buildSettings = {
				ALWAYS_SEARCH_USER_PATHS = NO;
				CLANG_ANALYZER_NONNULL = YES;
				CLANG_ANALYZER_NUMBER_OBJECT_CONVERSION = YES_AGGRESSIVE;
				CLANG_CXX_LANGUAGE_STANDARD = "gnu++14";
				CLANG_CXX_LIBRARY = "libc++";
				CLANG_ENABLE_MODULES = YES;
				CLANG_ENABLE_OBJC_ARC = YES;
				CLANG_ENABLE_OBJC_WEAK = YES;
				CLANG_WARN_BLOCK_CAPTURE_AUTORELEASING = YES;
				CLANG_WARN_BOOL_CONVERSION = YES;
				CLANG_WARN_COMMA = YES;
				CLANG_WARN_CONSTANT_CONVERSION = YES;
				CLANG_WARN_DEPRECATED_OBJC_IMPLEMENTATIONS = YES;
				CLANG_WARN_DIRECT_OBJC_ISA_USAGE = YES_ERROR;
				CLANG_WARN_DOCUMENTATION_COMMENTS = YES;
				CLANG_WARN_EMPTY_BODY = YES;
				CLANG_WARN_ENUM_CONVERSION = YES;
				CLANG_WARN_INFINITE_RECURSION = YES;
				CLANG_WARN_INT_CONVERSION = YES;
				CLANG_WARN_NON_LITERAL_NULL_CONVERSION = YES;
				CLANG_WARN_OBJC_IMPLICIT_RETAIN_SELF = YES;
				CLANG_WARN_OBJC_LITERAL_CONVERSION = YES;
				CLANG_WARN_OBJC_ROOT_CLASS = YES_ERROR;
				CLANG_WARN_QUOTED_INCLUDE_IN_FRAMEWORK_HEADER = YES;
				CLANG_WARN_RANGE_LOOP_ANALYSIS = YES;
				CLANG_WARN_STRICT_PROTOTYPES = YES;
				CLANG_WARN_SUSPICIOUS_MOVE = YES;
				CLANG_WARN_UNGUARDED_AVAILABILITY = YES_AGGRESSIVE;
				CLANG_WARN_UNREACHABLE_CODE = YES;
				CLANG_WARN__DUPLICATE_METHOD_MATCH = YES;
				COPY_PHASE_STRIP = NO;
				CURRENT_PROJECT_VERSION = 1;
				DEBUG_INFORMATION_FORMAT = dwarf;
				DEVELOPMENT_TEAM = P5US3ZM4M3;
				ENABLE_STRICT_OBJC_MSGSEND = YES;
				ENABLE_TESTABILITY = YES;
				ENABLE_USER_SCRIPT_SANDBOXING = NO;
				GCC_C_LANGUAGE_STANDARD = gnu11;
				GCC_DYNAMIC_NO_PIC = NO;
				GCC_NO_COMMON_BLOCKS = YES;
				GCC_OPTIMIZATION_LEVEL = 0;
				GCC_PREPROCESSOR_DEFINITIONS = (
					"$(inherited)",
					"DEBUG=1",
				);
				GCC_WARN_64_TO_32_BIT_CONVERSION = YES;
				GCC_WARN_ABOUT_RETURN_TYPE = YES_ERROR;
				GCC_WARN_UNDECLARED_SELECTOR = YES;
				GCC_WARN_UNINITIALIZED_AUTOS = YES_AGGRESSIVE;
				GCC_WARN_UNUSED_FUNCTION = YES;
				GCC_WARN_UNUSED_VARIABLE = YES;
				IPHONEOS_DEPLOYMENT_TARGET = 18.0;
				MARKETING_VERSION = 1.0.0;
				MTL_ENABLE_DEBUG_INFO = INCLUDE_SOURCE;
				MTL_FAST_MATH = YES;
				ONLY_ACTIVE_ARCH = YES;
				PRODUCT_NAME = "$(TARGET_NAME)";
				SDKROOT = iphoneos;
				STRING_CATALOG_GENERATE_SYMBOLS = YES;
				SWIFT_ACTIVE_COMPILATION_CONDITIONS = DEBUG;
				SWIFT_OPTIMIZATION_LEVEL = "-Onone";
				SWIFT_VERSION = 6.0;
			};
			name = Debug;
		};
		E826BC0F2FBDA3590095EC62 /* Debug */ = {
			isa = XCBuildConfiguration;
			buildSettings = {
				ASSETCATALOG_COMPILER_GENERATE_SWIFT_ASSET_SYMBOL_EXTENSIONS = YES;
				ASSETCATALOG_COMPILER_GLOBAL_ACCENT_COLOR_NAME = AccentColor;
				ASSETCATALOG_COMPILER_WIDGET_BACKGROUND_COLOR_NAME = WidgetBackground;
				CLANG_CXX_LANGUAGE_STANDARD = "gnu++20";
				CODE_SIGN_ENTITLEMENTS = NemorisWidgetExtension.entitlements;
				CODE_SIGN_IDENTITY = "iPhone Developer";
				CODE_SIGN_STYLE = Automatic;
				CURRENT_PROJECT_VERSION = 1;
				DEVELOPMENT_TEAM = P5US3ZM4M3;
				GCC_C_LANGUAGE_STANDARD = gnu17;
				GCC_PREPROCESSOR_DEFINITIONS = (
					"DEBUG=1",
					"$(inherited)",
				);
				GENERATE_INFOPLIST_FILE = YES;
				INFOPLIST_FILE = NemorisWidget/Info.plist;
				INFOPLIST_KEY_CFBundleDisplayName = LedgerNestWidget;
				INFOPLIST_KEY_NSHumanReadableCopyright = "";
				IPHONEOS_DEPLOYMENT_TARGET = 18.6;
				LD_RUNPATH_SEARCH_PATHS = (
					"$(inherited)",
					"@executable_path/Frameworks",
					"@executable_path/../../Frameworks",
				);
				LOCALIZATION_PREFERS_STRING_CATALOGS = YES;
				MARKETING_VERSION = 1.0.0;
				PRODUCT_BUNDLE_IDENTIFIER = fr.hedwin.nemoris.NemorisWidget;
				PRODUCT_NAME = "$(TARGET_NAME)";
				SKIP_INSTALL = YES;
				STRING_CATALOG_GENERATE_SYMBOLS = YES;
				SWIFT_ACTIVE_COMPILATION_CONDITIONS = "DEBUG $(inherited)";
				SWIFT_APPROACHABLE_CONCURRENCY = YES;
				SWIFT_EMIT_LOC_STRINGS = YES;
				SWIFT_UPCOMING_FEATURE_MEMBER_IMPORT_VISIBILITY = YES;
				SWIFT_VERSION = 5.0;
				TARGETED_DEVICE_FAMILY = "1,2";
			};
			name = Debug;
		};
		E826BC102FBDA3590095EC62 /* Release */ = {
			isa = XCBuildConfiguration;
			buildSettings = {
				ASSETCATALOG_COMPILER_GENERATE_SWIFT_ASSET_SYMBOL_EXTENSIONS = YES;
				ASSETCATALOG_COMPILER_GLOBAL_ACCENT_COLOR_NAME = AccentColor;
				ASSETCATALOG_COMPILER_WIDGET_BACKGROUND_COLOR_NAME = WidgetBackground;
				CLANG_CXX_LANGUAGE_STANDARD = "gnu++20";
				CODE_SIGN_ENTITLEMENTS = NemorisWidgetExtension.entitlements;
				CODE_SIGN_IDENTITY = "iPhone Developer";
				CODE_SIGN_STYLE = Automatic;
				CURRENT_PROJECT_VERSION = 1;
				DEVELOPMENT_TEAM = P5US3ZM4M3;
				GCC_C_LANGUAGE_STANDARD = gnu17;
				GENERATE_INFOPLIST_FILE = YES;
				INFOPLIST_FILE = NemorisWidget/Info.plist;
				INFOPLIST_KEY_CFBundleDisplayName = LedgerNestWidget;
				INFOPLIST_KEY_NSHumanReadableCopyright = "";
				IPHONEOS_DEPLOYMENT_TARGET = 18.6;
				LD_RUNPATH_SEARCH_PATHS = (
					"$(inherited)",
					"@executable_path/Frameworks",
					"@executable_path/../../Frameworks",
				);
				LOCALIZATION_PREFERS_STRING_CATALOGS = YES;
				MARKETING_VERSION = 1.0.0;
				PRODUCT_BUNDLE_IDENTIFIER = fr.hedwin.nemoris.NemorisWidget;
				PRODUCT_NAME = "$(TARGET_NAME)";
				SKIP_INSTALL = YES;
				STRING_CATALOG_GENERATE_SYMBOLS = YES;
				SWIFT_APPROACHABLE_CONCURRENCY = YES;
				SWIFT_EMIT_LOC_STRINGS = YES;
				SWIFT_UPCOMING_FEATURE_MEMBER_IMPORT_VISIBILITY = YES;
				SWIFT_VERSION = 5.0;
				TARGETED_DEVICE_FAMILY = "1,2";
				VALIDATE_PRODUCT = YES;
			};
			name = Release;
		};
/* End XCBuildConfiguration section */

/* Begin XCConfigurationList section */
		5AE0000000000000000000AA /* Build configuration list for PBXNativeTarget "NemorisShareTransactions" */ = {
			isa = XCConfigurationList;
			buildConfigurations = (
				5AE0000000000000000000A8 /* Debug */,
				5AE0000000000000000000A9 /* Release */,
			);
			defaultConfigurationIsVisible = 0;
			defaultConfigurationName = Debug;
		};
		5AE0000000000000000000BA /* Build configuration list for PBXNativeTarget "NemorisShareInvest" */ = {
			isa = XCConfigurationList;
			buildConfigurations = (
				5AE0000000000000000000B8 /* Debug */,
				5AE0000000000000000000B9 /* Release */,
			);
			defaultConfigurationIsVisible = 0;
			defaultConfigurationName = Debug;
		};
		7E57000000000000000000AA /* Build configuration list for PBXNativeTarget "NemorisTests" */ = {
			isa = XCConfigurationList;
			buildConfigurations = (
				7E57000000000000000000A8 /* Debug */,
				7E57000000000000000000A9 /* Release */,
			);
			defaultConfigurationIsVisible = 0;
			defaultConfigurationName = Debug;
		};
		A9640AFB03150114D256B962 /* Build configuration list for PBXProject "Nemoris" */ = {
			isa = XCConfigurationList;
			buildConfigurations = (
				9C619F6672DE3B08B989ABEC /* Debug */,
				0010E06D57A4A8D29934A553 /* Release */,
			);
			defaultConfigurationIsVisible = 0;
			defaultConfigurationName = Debug;
		};
		CA39867E9DF0DB39FB8DE72A /* Build configuration list for PBXNativeTarget "Nemoris" */ = {
			isa = XCConfigurationList;
			buildConfigurations = (
				258B1A17C0A4699F31840AC8 /* Debug */,
				43BB7A47B8756D4CA0214AC4 /* Release */,
			);
			defaultConfigurationIsVisible = 0;
			defaultConfigurationName = Debug;
		};
		E826BC0E2FBDA3590095EC62 /* Build configuration list for PBXNativeTarget "NemorisWidgetExtension" */ = {
			isa = XCConfigurationList;
			buildConfigurations = (
				E826BC0F2FBDA3590095EC62 /* Debug */,
				E826BC102FBDA3590095EC62 /* Release */,
			);
			defaultConfigurationIsVisible = 0;
			defaultConfigurationName = Debug;
		};
/* End XCConfigurationList section */

/* Begin XCLocalSwiftPackageReference section */
		E9E9E9E912000000ABCDABCD /* XCLocalSwiftPackageReference "../NemorisEngine" */ = {
			isa = XCLocalSwiftPackageReference;
			relativePath = ../NemorisEngine;
		};
/* End XCLocalSwiftPackageReference section */

/* Begin XCSwiftPackageProductDependency section */
		E9E9E9E913000000ABCDABCD /* NemorisEngine */ = {
			isa = XCSwiftPackageProductDependency;
			productName = NemorisEngine;
		};
/* End XCSwiftPackageProductDependency section */
	};
	rootObject = F857318EB357D311B6E85F4F /* Project object */;
}
